
Microsoft Visual Studio Solution File, Format Version 12.00
# Visual Studio Version 17
VisualStudioVersion = 17.0.31903.59
MinimumVisualStudioVersion = 10.0.40219.1
Project("{9A19103F-16F7-4668-BE54-9A1E7A4F7556}") = "Diary.Api", "Diary.Api\Diary.Api.csproj", "{374EBEAF-A1AE-4687-AEA5-8818E7034C8B}"
EndProject
Project("{9A19103F-16F7-4668-BE54-9A1E7A4F7556}") = "Diary.Application", "Diary.Application\Diary.Application.csproj", "{C8BC2429-EB48-4B39-BCA7-C2AFC8E8E7E9}"
EndProject
Project("{9A19103F-16F7-4668-BE54-9A1E7A4F7556}") = "Diary.Contracts", "Diary.Contracts\Diary.Contracts.csproj", "{75123297-26D8-4FF4-9777-D37934D580A1}"
EndProject
Project("{9A19103F-16F7-4668-BE54-9A1E7A4F7556}") = "Diary.Domain", "Diary.Domain\Diary.Domain.csproj", "{24E402FA-EAE3-4FAC-A8E6-4450FB7A1F0A}"
EndProject
Project("{9A19103F-16F7-4668-BE54-9A1E7A4F7556}") = "Diary.Infrastructure", "Diary.Infrastructure\Diary.Infrastructure.csproj", "{CDA2CCDA-BA40-4748-B1E6-2F05A3682752}"
EndProject
Project("{FAE04EC0-301F-11D3-BF4B-00C04F79EFBC}") = "Diary.Tests", "Diary.Tests\Diary.Tests.csproj", "{3F9E020D-2977-49EE-8953-FB8B42ED96EE}"
EndProject
Project("{2150E333-8FDC-42A3-9474-1A3956D46DE8}") = "Solution Items", "Solution Items", "{6805CF5A-8786-4ACC-B14E-EFC00481EF07}"
	ProjectSection(SolutionItems) = preProject
		docker-compose.yml = docker-compose.yml
	EndProjectSection
EndProject
Global
	GlobalSection(SolutionConfigurationPlatforms) = preSolution
		Debug|Any CPU = Debug|Any CPU
		Release|Any CPU = Release|Any CPU
	EndGlobalSection
	GlobalSection(ProjectConfigurationPlatforms) = postSolution
		{374EBEAF-A1AE-4687-AEA5-8818E7034C8B}.Debug|Any CPU.ActiveCfg = Debug|Any CPU
		{374EBEAF-A1AE-4687-AEA5-8818E7034C8B}.Debug|Any CPU.Build.0 = Debug|Any CPU
		{374EBEAF-A1AE-4687-AEA5-8818E7034C8B}.Release|Any CPU.ActiveCfg = Release|Any CPU
		{374EBEAF-A1AE-4687-AEA5-8818E7034C8B}.Release|Any CPU.Build.0 = Release|Any CPU
		{C8BC2429-EB48-4B39-BCA7-C2AFC8E8E7E9}.Debug|Any CPU.ActiveCfg = Debug|Any CPU
		{C8BC2429-EB48-4B39-BCA7-C2AFC8E8E7E9}.Debug|Any CPU.Build.0 = Debug|Any CPU
		{C8BC2429-EB48-4B39-BCA7-C2AFC8E8E7E9}.Release|Any CPU.ActiveCfg = Release|Any CPU
		{C8BC2429-EB48-4B39-BCA7-C2AFC8E8E7E9}.Release|Any CPU.Build.0 = Release|Any CPU
		{75123297-26D8-4FF4-9777-D37934D580A1}.Debug|Any CPU.ActiveCfg = Debug|Any CPU
		{75123297-26D8-4FF4-9777-D37934D580A1}.Debug|Any CPU.Build.0 = Debug|Any CPU
		{75123297-26D8-4FF4-9777-D37934D580A1}.Release|Any CPU.ActiveCfg = Release|Any CPU
		{75123297-26D8-4FF4-9777-D37934D580A1}.Release|Any CPU.Build.0 = Release|Any CPU
		{24E402FA-EAE3-4FAC-A8E6-4450FB7A1F0A}.Debug|Any CPU.ActiveCfg = Debug|Any CPU
		{24E402FA-EAE3-4FAC-A8E6-4450FB7A1F0A}.Debug|Any CPU.Build.0 = Debug|Any CPU
		{24E402FA-EAE3-4FAC-A8E6-4450FB7A1F0A}.Release|Any CPU.ActiveCfg = Release|Any CPU
		{24E402FA-EAE3-4FAC-A8E6-4450FB7A1F0A}.Release|Any CPU.Build.0 = Release|Any CPU
		{CDA2CCDA-BA40-4748-B1E6-2F05A3682752}.Debug|Any CPU.ActiveCfg = Debug|Any CPU
		{CDA2CCDA-BA40-4748-B1E6-2F05A3682752}.Debug|Any CPU.Build.0 = Debug|Any CPU
		{CDA2CCDA-BA40-4748-B1E6-2F05A3682752}.Release|Any CPU.ActiveCfg = Release|Any CPU
		{CDA2CCDA-BA40-4748-B1E6-2F05A3682752}.Release|Any CPU.Build.0 = Release|Any CPU
		{3F9E020D-2977-49EE-8953-FB8B42ED96EE}.Debug|Any CPU.ActiveCfg = Debug|Any CPU
		{3F9E020D-2977-49EE-8953-FB8B42ED96EE}.Debug|Any CPU.Build.0 = Debug|Any CPU
		{3F9E020D-2977-49EE-8953-FB8B42ED96EE}.Release|Any CPU.ActiveCfg = Release|Any CPU
		{3F9E020D-2977-49EE-8953-FB8B42ED96EE}.Release|Any CPU.Build.0 = Release|Any CPU
	EndGlobalSection
	GlobalSection(SolutionProperties) = preSolution
		HideSolutionNode = FALSE
	EndGlobalSection
	GlobalSection(ExtensibilityGlobals) = postSolution
		SolutionGuid = {504F25CD-D673-47AE-AF6D-780C97BAB2DD}
	EndGlobalSection
EndGlobal
